
Microsoft Visual Studio Solution File, Format Version 12.00
# Visual Studio Version 16
VisualStudioVersion = 16.0.29911.84
MinimumVisualStudioVersion = 10.0.40219.1
Project("{9A19103F-16F7-4668-BE54-9A1E7A4F7556}") = "ALTechTest", "ALTechTest\ALTechTest.csproj", "{DEA41CEA-D7D1-4263-BE63-61B9139C1665}"
EndProject
Project("{FAE04EC0-301F-11D3-BF4B-00C04F79EFBC}") = "ALTechTestTests", "ALTechTestTests\ALTechTestTests.csproj", "{8156436D-E53B-449F-8AD2-2E754B418B43}"
EndProject
Global
	GlobalSection(SolutionConfigurationPlatforms) = preSolution
		Debug|Any CPU = Debug|Any CPU
		Release|Any CPU = Release|Any CPU
	EndGlobalSection
	GlobalSection(ProjectConfigurationPlatforms) = postSolution
		{DEA41CEA-D7D1-4263-BE63-61B9139C1665}.Debug|Any CPU.ActiveCfg = Debug|Any CPU
		{DEA41CEA-D7D1-4263-BE63-61B9139C1665}.Debug|Any CPU.Build.0 = Debug|Any CPU
		{DEA41CEA-D7D1-4263-BE63-61B9139C1665}.Release|Any CPU.ActiveCfg = Release|Any CPU
		{DEA41CEA-D7D1-4263-BE63-61B9139C1665}.Release|Any CPU.Build.0 = Release|Any CPU
		{8156436D-E53B-449F-8AD2-2E754B418B43}.Debug|Any CPU.ActiveCfg = Debug|Any CPU
		{8156436D-E53B-449F-8AD2-2E754B418B43}.Debug|Any CPU.Build.0 = Debug|Any CPU
		{8156436D-E53B-449F-8AD2-2E754B418B43}.Release|Any CPU.ActiveCfg = Release|Any CPU
		{8156436D-E53B-449F-8AD2-2E754B418B43}.Release|Any CPU.Build.0 = Release|Any CPU
	EndGlobalSection
	GlobalSection(SolutionProperties) = preSolution
		HideSolutionNode = FALSE
	EndGlobalSection
	GlobalSection(ExtensibilityGlobals) = postSolution
		SolutionGuid = {4D8EE4FC-7D58-498E-9407-69D38CDBB439}
	EndGlobalSection
EndGlobal
